
Microsoft Visual Studio Solution File, Format Version 12.00
# Visual Studio Version 17
VisualStudioVersion = 17.9.34616.47
MinimumVisualStudioVersion = 10.0.40219.1
Project("{FAE04EC0-301F-11D3-BF4B-00C04F79EFBC}") = "Domain", "Domain\Domain.csproj", "{868EAA81-1828-4F2C-83ED-BC006756F98D}"
EndProject
Project("{FAE04EC0-301F-11D3-BF4B-00C04F79EFBC}") = "PetStore.App", "PetStore.App\PetStore.App.csproj", "{A6DC0146-0BC0-4807-AEF7-AB9124B199CD}"
EndProject
Global
	GlobalSection(SolutionConfigurationPlatforms) = preSolution
		Debug|Any CPU = Debug|Any CPU
		Release|Any CPU = Release|Any CPU
	EndGlobalSection
	GlobalSection(ProjectConfigurationPlatforms) = postSolution
		{868EAA81-1828-4F2C-83ED-BC006756F98D}.Debug|Any CPU.ActiveCfg = Debug|Any CPU
		{868EAA81-1828-4F2C-83ED-BC006756F98D}.Debug|Any CPU.Build.0 = Debug|Any CPU
		{868EAA81-1828-4F2C-83ED-BC006756F98D}.Release|Any CPU.ActiveCfg = Release|Any CPU
		{868EAA81-1828-4F2C-83ED-BC006756F98D}.Release|Any CPU.Build.0 = Release|Any CPU
		{A6DC0146-0BC0-4807-AEF7-AB9124B199CD}.Debug|Any CPU.ActiveCfg = Debug|Any CPU
		{A6DC0146-0BC0-4807-AEF7-AB9124B199CD}.Debug|Any CPU.Build.0 = Debug|Any CPU
		{A6DC0146-0BC0-4807-AEF7-AB9124B199CD}.Release|Any CPU.ActiveCfg = Release|Any CPU
		{A6DC0146-0BC0-4807-AEF7-AB9124B199CD}.Release|Any CPU.Build.0 = Release|Any CPU
	EndGlobalSection
	GlobalSection(SolutionProperties) = preSolution
		HideSolutionNode = FALSE
	EndGlobalSection
	GlobalSection(ExtensibilityGlobals) = postSolution
		SolutionGuid = {DFDCA35B-A413-4E2D-8885-392B88700983}
	EndGlobalSection
EndGlobal
